
Microsoft Visual Studio Solution File, Format Version 12.00
# Visual Studio Version 16
VisualStudioVersion = 16.6.30114.105
MinimumVisualStudioVersion = 10.0.40219.1
Project("{2150E333-8FDC-42A3-9474-1A3956D46DE8}") = "src", "src", "{35697A59-E565-4D93-AD67-406781B6E503}"
EndProject
Project("{9A19103F-16F7-4668-BE54-9A1E7A4F7556}") = "Auth.API", "src\authorization\Auth.API.csproj", "{32376C45-493C-4529-AB0F-B689B1456407}"
EndProject
Project("{9A19103F-16F7-4668-BE54-9A1E7A4F7556}") = "Users.API", "src\users_api\Users.API.csproj", "{04C9E4E4-F620-499B-8A6B-BF30228D5F3B}"
EndProject
Project("{FAE04EC0-301F-11D3-BF4B-00C04F79EFBC}") = "Shared.Module", "Shared.Module\Shared.Module.csproj", "{E8B069AF-138F-4F84-9594-8BE184CEC350}"
EndProject
Global
	GlobalSection(SolutionConfigurationPlatforms) = preSolution
		Debug|Any CPU = Debug|Any CPU
		Debug|x64 = Debug|x64
		Debug|x86 = Debug|x86
		Release|Any CPU = Release|Any CPU
		Release|x64 = Release|x64
		Release|x86 = Release|x86
	EndGlobalSection
	GlobalSection(ProjectConfigurationPlatforms) = postSolution
		{32376C45-493C-4529-AB0F-B689B1456407}.Debug|Any CPU.ActiveCfg = Debug|Any CPU
		{32376C45-493C-4529-AB0F-B689B1456407}.Debug|Any CPU.Build.0 = Debug|Any CPU
		{32376C45-493C-4529-AB0F-B689B1456407}.Debug|x64.ActiveCfg = Debug|Any CPU
		{32376C45-493C-4529-AB0F-B689B1456407}.Debug|x64.Build.0 = Debug|Any CPU
		{32376C45-493C-4529-AB0F-B689B1456407}.Debug|x86.ActiveCfg = Debug|Any CPU
		{32376C45-493C-4529-AB0F-B689B1456407}.Debug|x86.Build.0 = Debug|Any CPU
		{32376C45-493C-4529-AB0F-B689B1456407}.Release|Any CPU.ActiveCfg = Release|Any CPU
		{32376C45-493C-4529-AB0F-B689B1456407}.Release|Any CPU.Build.0 = Release|Any CPU
		{32376C45-493C-4529-AB0F-B689B1456407}.Release|x64.ActiveCfg = Release|Any CPU
		{32376C45-493C-4529-AB0F-B689B1456407}.Release|x64.Build.0 = Release|Any CPU
		{32376C45-493C-4529-AB0F-B689B1456407}.Release|x86.ActiveCfg = Release|Any CPU
		{32376C45-493C-4529-AB0F-B689B1456407}.Release|x86.Build.0 = Release|Any CPU
		{04C9E4E4-F620-499B-8A6B-BF30228D5F3B}.Debug|Any CPU.ActiveCfg = Debug|Any CPU
		{04C9E4E4-F620-499B-8A6B-BF30228D5F3B}.Debug|Any CPU.Build.0 = Debug|Any CPU
		{04C9E4E4-F620-499B-8A6B-BF30228D5F3B}.Debug|x64.ActiveCfg = Debug|Any CPU
		{04C9E4E4-F620-499B-8A6B-BF30228D5F3B}.Debug|x64.Build.0 = Debug|Any CPU
		{04C9E4E4-F620-499B-8A6B-BF30228D5F3B}.Debug|x86.ActiveCfg = Debug|Any CPU
		{04C9E4E4-F620-499B-8A6B-BF30228D5F3B}.Debug|x86.Build.0 = Debug|Any CPU
		{04C9E4E4-F620-499B-8A6B-BF30228D5F3B}.Release|Any CPU.ActiveCfg = Release|Any CPU
		{04C9E4E4-F620-499B-8A6B-BF30228D5F3B}.Release|Any CPU.Build.0 = Release|Any CPU
		{04C9E4E4-F620-499B-8A6B-BF30228D5F3B}.Release|x64.ActiveCfg = Release|Any CPU
		{04C9E4E4-F620-499B-8A6B-BF30228D5F3B}.Release|x64.Build.0 = Release|Any CPU
		{04C9E4E4-F620-499B-8A6B-BF30228D5F3B}.Release|x86.ActiveCfg = Release|Any CPU
		{04C9E4E4-F620-499B-8A6B-BF30228D5F3B}.Release|x86.Build.0 = Release|Any CPU
		{E8B069AF-138F-4F84-9594-8BE184CEC350}.Debug|Any CPU.ActiveCfg = Debug|Any CPU
		{E8B069AF-138F-4F84-9594-8BE184CEC350}.Debug|Any CPU.Build.0 = Debug|Any CPU
		{E8B069AF-138F-4F84-9594-8BE184CEC350}.Debug|x64.ActiveCfg = Debug|Any CPU
		{E8B069AF-138F-4F84-9594-8BE184CEC350}.Debug|x64.Build.0 = Debug|Any CPU
		{E8B069AF-138F-4F84-9594-8BE184CEC350}.Debug|x86.ActiveCfg = Debug|Any CPU
		{E8B069AF-138F-4F84-9594-8BE184CEC350}.Debug|x86.Build.0 = Debug|Any CPU
		{E8B069AF-138F-4F84-9594-8BE184CEC350}.Release|Any CPU.ActiveCfg = Release|Any CPU
		{E8B069AF-138F-4F84-9594-8BE184CEC350}.Release|Any CPU.Build.0 = Release|Any CPU
		{E8B069AF-138F-4F84-9594-8BE184CEC350}.Release|x64.ActiveCfg = Release|Any CPU
		{E8B069AF-138F-4F84-9594-8BE184CEC350}.Release|x64.Build.0 = Release|Any CPU
		{E8B069AF-138F-4F84-9594-8BE184CEC350}.Release|x86.ActiveCfg = Release|Any CPU
		{E8B069AF-138F-4F84-9594-8BE184CEC350}.Release|x86.Build.0 = Release|Any CPU
	EndGlobalSection
	GlobalSection(SolutionProperties) = preSolution
		HideSolutionNode = FALSE
	EndGlobalSection
	GlobalSection(NestedProjects) = preSolution
		{32376C45-493C-4529-AB0F-B689B1456407} = {35697A59-E565-4D93-AD67-406781B6E503}
		{04C9E4E4-F620-499B-8A6B-BF30228D5F3B} = {35697A59-E565-4D93-AD67-406781B6E503}
		{E8B069AF-138F-4F84-9594-8BE184CEC350} = {35697A59-E565-4D93-AD67-406781B6E503}
	EndGlobalSection
	GlobalSection(ExtensibilityGlobals) = postSolution
		SolutionGuid = {18B7736E-FE44-4DAF-8077-1D40B1183177}
	EndGlobalSection
EndGlobal
